
Microsoft Visual Studio Solution File, Format Version 12.00
# Visual Studio Version 16
VisualStudioVersion = 16.0.31005.135
MinimumVisualStudioVersion = 10.0.40219.1
Project("{FAE04EC0-301F-11D3-BF4B-00C04F79EFBC}") = "MyServer", "MyServer\MyServer.csproj", "{3A77B2E7-4EAA-4799-B075-591E5434B5E0}"
EndProject
Project("{FAE04EC0-301F-11D3-BF4B-00C04F79EFBC}") = "GameServer", "GameServer\GameServer.csproj", "{B3B8B9F3-18A5-4012-81D0-59217016DD67}"
EndProject
Project("{FAE04EC0-301F-11D3-BF4B-00C04F79EFBC}") = "Protocol", "Protocol\Protocol.csproj", "{3D4A52CC-EA6E-4C2A-8CD1-4C8B94849372}"
EndProject
Global
	GlobalSection(SolutionConfigurationPlatforms) = preSolution
		Debug|Any CPU = Debug|Any CPU
		Release|Any CPU = Release|Any CPU
	EndGlobalSection
	GlobalSection(ProjectConfigurationPlatforms) = postSolution
		{3A77B2E7-4EAA-4799-B075-591E5434B5E0}.Debug|Any CPU.ActiveCfg = Debug|Any CPU
		{3A77B2E7-4EAA-4799-B075-591E5434B5E0}.Debug|Any CPU.Build.0 = Debug|Any CPU
		{3A77B2E7-4EAA-4799-B075-591E5434B5E0}.Release|Any CPU.ActiveCfg = Release|Any CPU
		{3A77B2E7-4EAA-4799-B075-591E5434B5E0}.Release|Any CPU.Build.0 = Release|Any CPU
		{B3B8B9F3-18A5-4012-81D0-59217016DD67}.Debug|Any CPU.ActiveCfg = Debug|Any CPU
		{B3B8B9F3-18A5-4012-81D0-59217016DD67}.Debug|Any CPU.Build.0 = Debug|Any CPU
		{B3B8B9F3-18A5-4012-81D0-59217016DD67}.Release|Any CPU.ActiveCfg = Release|Any CPU
		{B3B8B9F3-18A5-4012-81D0-59217016DD67}.Release|Any CPU.Build.0 = Release|Any CPU
		{3D4A52CC-EA6E-4C2A-8CD1-4C8B94849372}.Debug|Any CPU.ActiveCfg = Debug|Any CPU
		{3D4A52CC-EA6E-4C2A-8CD1-4C8B94849372}.Debug|Any CPU.Build.0 = Debug|Any CPU
		{3D4A52CC-EA6E-4C2A-8CD1-4C8B94849372}.Release|Any CPU.ActiveCfg = Release|Any CPU
		{3D4A52CC-EA6E-4C2A-8CD1-4C8B94849372}.Release|Any CPU.Build.0 = Release|Any CPU
	EndGlobalSection
	GlobalSection(SolutionProperties) = preSolution
		HideSolutionNode = FALSE
	EndGlobalSection
	GlobalSection(ExtensibilityGlobals) = postSolution
		SolutionGuid = {1D0FEC6B-45EC-4654-8611-1830C9E6B6CF}
	EndGlobalSection
EndGlobal
